PODS:
  - Alamofire (4.8.0)
  - ChameleonFramework (2.1.0):
    - ChameleonFramework/Default (= 2.1.0)
  - ChameleonFramework/Default (2.1.0)
  - lottie-ios (2.5.2)
  - SwiftyJSON (4.2.0)
  - SwipeCellKit (2.5.1)

DEPENDENCIES:
  - Alamofire
  - ChameleonFramework
  - lottie-ios
  - SwiftyJSON
  - SwipeCellKit

SPEC REPOS:
  https://github.com/cocoapods/specs.git:
    - Alamofire
    - ChameleonFramework
    - lottie-ios
    - SwiftyJSON
    - SwipeCellKit

SPEC CHECKSUMS:
  Alamofire: 3ec537f71edc9804815215393ae2b1a8ea33a844
  ChameleonFramework: d21a3cc247abfe5e37609a283a8238b03575cf64
  lottie-ios: 3fef45d3fabe63e3c7c2eb603dd64ddfffc73062
  SwiftyJSON: c4bcba26dd9ec7a027fc8eade48e2c911f229e96
  SwipeCellKit: 30fd6a4f8a8b8ac864ea389c8b4c8bac5ba5471a

PODFILE CHECKSUM: f5767bae5a739bf975f6ee1b58cfafef65988a21

COCOAPODS: 1.5.3
