// !$*UTF8*$!
{
	archiveVersion = 1;
	classes = {
	};
	objectVersion = 51;
	objects = {

/* Begin PBXBuildFile section */
		14B8F395A154795A1302A9CD /* Pods_TrackStack.framework in Frameworks */ = {isa = PBXBuildFile; fileRef = 66584C735AE7A4058F55025A /* Pods_TrackStack.framework */; };
		A504CE892260987600B6033D /* Bitcoinaverage.swift in Sources */ = {isa = PBXBuildFile; fileRef = A504CE882260987600B6033D /* Bitcoinaverage.swift */; };
		A504CED92263D8FF00B6033D /* MainGradient.swift in Sources */ = {isa = PBXBuildFile; fileRef = A504CED82263D8FF00B6033D /* MainGradient.swift */; };
		A504CEEA22667B2C00B6033D /* Transaction+CoreDataClass copy.swift in Sources */ = {isa = PBXBuildFile; fileRef = A504CEE822667B2C00B6033D /* Transaction+CoreDataClass copy.swift */; };
		A504CEF722674C2A00B6033D /* AddTransactionViewController.swift in Sources */ = {isa = PBXBuildFile; fileRef = A504CEF622674C2A00B6033D /* AddTransactionViewController.swift */; };
		A526ECD422529C58003FAF1B /* MainVC.swift in Sources */ = {isa = PBXBuildFile; fileRef = A526ECD322529C58003FAF1B /* MainVC.swift */; };
		A52F11DD2242606900FF517D /* Refresher.xib in Resources */ = {isa = PBXBuildFile; fileRef = A52F11DC2242606900FF517D /* Refresher.xib */; };
		A55627612200F45B008F9947 /* AppDelegate.swift in Sources */ = {isa = PBXBuildFile; fileRef = A55627602200F45B008F9947 /* AppDelegate.swift */; };
		A55627662200F45B008F9947 /* Main.storyboard in Resources */ = {isa = PBXBuildFile; fileRef = A55627642200F45B008F9947 /* Main.storyboard */; };
		A556276E2200F45D008F9947 /* LaunchScreen.storyboard in Resources */ = {isa = PBXBuildFile; fileRef = A556276C2200F45D008F9947 /* LaunchScreen.storyboard */; };
		A58372BF221C38EA00E06B7C /* TrackStack.xcdatamodeld in Sources */ = {isa = PBXBuildFile; fileRef = A58372BD221C38EA00E06B7C /* TrackStack.xcdatamodeld */; };
		A58372C7221D871600E06B7C /* TrackStackTests.swift in Sources */ = {isa = PBXBuildFile; fileRef = A58372C6221D871600E06B7C /* TrackStackTests.swift */; };
		A5AFC11C225B6311000615C8 /* coin_loader.json in Resources */ = {isa = PBXBuildFile; fileRef = A5AFC11B225B6311000615C8 /* coin_loader.json */; };
		A5AFC11E225B6370000615C8 /* IntroVC.swift in Sources */ = {isa = PBXBuildFile; fileRef = A5AFC11D225B6370000615C8 /* IntroVC.swift */; };
		A5AFC124225BCA00000615C8 /* SafetyVC.swift in Sources */ = {isa = PBXBuildFile; fileRef = A5AFC123225BCA00000615C8 /* SafetyVC.swift */; };
		A5AFC126225BCAF7000615C8 /* Assets.xcassets in Resources */ = {isa = PBXBuildFile; fileRef = A5AFC125225BCAF6000615C8 /* Assets.xcassets */; };
		A5CB972022087C970015C438 /* TransactionCell.swift in Sources */ = {isa = PBXBuildFile; fileRef = A5CB971F22087C970015C438 /* TransactionCell.swift */; };
		A5CB9722220E42FE0015C438 /* APIWorker.swift in Sources */ = {isa = PBXBuildFile; fileRef = A5CB9721220E42FE0015C438 /* APIWorker.swift */; };
/* End PBXBuildFile section */

/* Begin PBXContainerItemProxy section */
		A58372C9221D871600E06B7C /* PBXContainerItemProxy */ = {
			isa = PBXContainerItemProxy;
			containerPortal = A55627552200F45B008F9947 /* Project object */;
			proxyType = 1;
			remoteGlobalIDString = A556275C2200F45B008F9947;
			remoteInfo = TrackStack;
		};
/* End PBXContainerItemProxy section */

/* Begin PBXFileReference section */
		5290C205DF380EEB1127E5C9 /* Pods-TrackStack.debug.xcconfig */ = {isa = PBXFileReference; includeInIndex = 1; lastKnownFileType = text.xcconfig; name = "Pods-TrackStack.debug.xcconfig"; path = "Pods/Target Support Files/Pods-TrackStack/Pods-TrackStack.debug.xcconfig"; sourceTree = "<group>"; };
		66584C735AE7A4058F55025A /* Pods_TrackStack.framework */ = {isa = PBXFileReference; explicitFileType = wrapper.framework; includeInIndex = 0; path = Pods_TrackStack.framework; sourceTree = BUILT_PRODUCTS_DIR; };
		9418CCE9BECA8798AB9AC000 /* Pods-TrackStack.release.xcconfig */ = {isa = PBXFileReference; includeInIndex = 1; lastKnownFileType = text.xcconfig; name = "Pods-TrackStack.release.xcconfig"; path = "Pods/Target Support Files/Pods-TrackStack/Pods-TrackStack.release.xcconfig"; sourceTree = "<group>"; };
		A504CE882260987600B6033D /* Bitcoinaverage.swift */ = {isa = PBXFileReference; lastKnownFileType = sourcecode.swift; path = Bitcoinaverage.swift; sourceTree = "<group>"; };
		A504CED82263D8FF00B6033D /* MainGradient.swift */ = {isa = PBXFileReference; fileEncoding = 4; lastKnownFileType = sourcecode.swift; name = MainGradient.swift; path = Controller/MainGradient.swift; sourceTree = "<group>"; };
		A504CEE822667B2C00B6033D /* Transaction+CoreDataClass copy.swift */ = {isa = PBXFileReference; fileEncoding = 4; lastKnownFileType = sourcecode.swift; path = "Transaction+CoreDataClass copy.swift"; sourceTree = "<group>"; };
		A504CEF622674C2A00B6033D /* AddTransactionViewController.swift */ = {isa = PBXFileReference; fileEncoding = 4; lastKnownFileType = sourcecode.swift; path = AddTransactionViewController.swift; sourceTree = "<group>"; };
		A526ECD322529C58003FAF1B /* MainVC.swift */ = {isa = PBXFileReference; lastKnownFileType = sourcecode.swift; path = MainVC.swift; sourceTree = "<group>"; };
		A52F11DC2242606900FF517D /* Refresher.xib */ = {isa = PBXFileReference; lastKnownFileType = file.xib; path = Refresher.xib; sourceTree = "<group>"; };
		A556275D2200F45B008F9947 /* TrackStack.app */ = {isa = PBXFileReference; explicitFileType = wrapper.application; includeInIndex = 0; path = TrackStack.app; sourceTree = BUILT_PRODUCTS_DIR; };
		A55627602200F45B008F9947 /* AppDelegate.swift */ = {isa = PBXFileReference; lastKnownFileType = sourcecode.swift; path = AppDelegate.swift; sourceTree = "<group>"; };
		A55627652200F45B008F9947 /* Base */ = {isa = PBXFileReference; lastKnownFileType = file.storyboard; name = Base; path = Base.lproj/Main.storyboard; sourceTree = "<group>"; };
		A556276D2200F45D008F9947 /* Base */ = {isa = PBXFileReference; lastKnownFileType = file.storyboard; name = Base; path = Base.lproj/LaunchScreen.storyboard; sourceTree = "<group>"; };
		A556276F2200F45D008F9947 /* Info.plist */ = {isa = PBXFileReference; lastKnownFileType = text.plist.xml; path = Info.plist; sourceTree = "<group>"; };
		A58372BE221C38EA00E06B7C /* TrackStack.xcdatamodel */ = {isa = PBXFileReference; lastKnownFileType = wrapper.xcdatamodel; path = TrackStack.xcdatamodel; sourceTree = "<group>"; };
		A58372C4221D871600E06B7C /* TrackStackTests.xctest */ = {isa = PBXFileReference; explicitFileType = wrapper.cfbundle; includeInIndex = 0; path = TrackStackTests.xctest; sourceTree = BUILT_PRODUCTS_DIR; };
		A58372C6221D871600E06B7C /* TrackStackTests.swift */ = {isa = PBXFileReference; lastKnownFileType = sourcecode.swift; path = TrackStackTests.swift; sourceTree = "<group>"; };
		A58372C8221D871600E06B7C /* Info.plist */ = {isa = PBXFileReference; lastKnownFileType = text.plist.xml; path = Info.plist; sourceTree = "<group>"; };
		A5AFC11B225B6311000615C8 /* coin_loader.json */ = {isa = PBXFileReference; fileEncoding = 4; lastKnownFileType = text.json; path = coin_loader.json; sourceTree = "<group>"; };
		A5AFC11D225B6370000615C8 /* IntroVC.swift */ = {isa = PBXFileReference; lastKnownFileType = sourcecode.swift; path = IntroVC.swift; sourceTree = "<group>"; };
		A5AFC123225BCA00000615C8 /* SafetyVC.swift */ = {isa = PBXFileReference; lastKnownFileType = sourcecode.swift; path = SafetyVC.swift; sourceTree = "<group>"; };
		A5AFC125225BCAF6000615C8 /* Assets.xcassets */ = {isa = PBXFileReference; lastKnownFileType = folder.assetcatalog; path = Assets.xcassets; sourceTree = "<group>"; };
		A5CB971F22087C970015C438 /* TransactionCell.swift */ = {isa = PBXFileReference; lastKnownFileType = sourcecode.swift; path = TransactionCell.swift; sourceTree = "<group>"; };
		A5CB9721220E42FE0015C438 /* APIWorker.swift */ = {isa = PBXFileReference; lastKnownFileType = sourcecode.swift; path = APIWorker.swift; sourceTree = "<group>"; };
/* End PBXFileReference section */

/* Begin PBXFrameworksBuildPhase section */
		A556275A2200F45B008F9947 /* Frameworks */ = {
			isa = PBXFrameworksBuildPhase;
			buildActionMask = 2147483647;
			files = (
				14B8F395A154795A1302A9CD /* Pods_TrackStack.framework in Frameworks */,
			);
			runOnlyForDeploymentPostprocessing = 0;
		};
		A58372C1221D871600E06B7C /* Frameworks */ = {
			isa = PBXFrameworksBuildPhase;
			buildActionMask = 2147483647;
			files = (
			);
			runOnlyForDeploymentPostprocessing = 0;
		};
/* End PBXFrameworksBuildPhase section */

/* Begin PBXGroup section */
		4657BDBDCF69A4F736DB5A8C /* Frameworks */ = {
			isa = PBXGroup;
			children = (
				66584C735AE7A4058F55025A /* Pods_TrackStack.framework */,
			);
			name = Frameworks;
			sourceTree = "<group>";
		};
		A55627542200F45B008F9947 = {
			isa = PBXGroup;
			children = (
				A556275F2200F45B008F9947 /* TrackStack */,
				A58372C5221D871600E06B7C /* TrackStackTests */,
				A556275E2200F45B008F9947 /* Products */,
				AB159C210B1C9E81AC8CD607 /* Pods */,
				4657BDBDCF69A4F736DB5A8C /* Frameworks */,
			);
			sourceTree = "<group>";
		};
		A556275E2200F45B008F9947 /* Products */ = {
			isa = PBXGroup;
			children = (
				A556275D2200F45B008F9947 /* TrackStack.app */,
				A58372C4221D871600E06B7C /* TrackStackTests.xctest */,
			);
			name = Products;
			sourceTree = "<group>";
		};
		A556275F2200F45B008F9947 /* TrackStack */ = {
			isa = PBXGroup;
			children = (
				A504CED82263D8FF00B6033D /* MainGradient.swift */,
				A5AFC125225BCAF6000615C8 /* Assets.xcassets */,
				A55627772200F7BE008F9947 /* Controller */,
				A55627762200F7B9008F9947 /* View */,
				A55627752200F7AE008F9947 /* Model */,
				A55627602200F45B008F9947 /* AppDelegate.swift */,
				A556276F2200F45D008F9947 /* Info.plist */,
				A58372BD221C38EA00E06B7C /* TrackStack.xcdatamodeld */,
				A504CE882260987600B6033D /* Bitcoinaverage.swift */,
			);
			path = TrackStack;
			sourceTree = "<group>";
		};
		A55627752200F7AE008F9947 /* Model */ = {
			isa = PBXGroup;
			children = (
				A504CEE822667B2C00B6033D /* Transaction+CoreDataClass copy.swift */,
			);
			path = Model;
			sourceTree = "<group>";
		};
		A55627762200F7B9008F9947 /* View */ = {
			isa = PBXGroup;
			children = (
				A5AFC11B225B6311000615C8 /* coin_loader.json */,
				A55627642200F45B008F9947 /* Main.storyboard */,
				A556276C2200F45D008F9947 /* LaunchScreen.storyboard */,
				A52F11DC2242606900FF517D /* Refresher.xib */,
			);
			path = View;
			sourceTree = "<group>";
		};
		A55627772200F7BE008F9947 /* Controller */ = {
			isa = PBXGroup;
			children = (
				A504CEF622674C2A00B6033D /* AddTransactionViewController.swift */,
				A5CB9721220E42FE0015C438 /* APIWorker.swift */,
				A5AFC11D225B6370000615C8 /* IntroVC.swift */,
				A526ECD322529C58003FAF1B /* MainVC.swift */,
				A5AFC123225BCA00000615C8 /* SafetyVC.swift */,
				A5CB971F22087C970015C438 /* TransactionCell.swift */,
			);
			path = Controller;
			sourceTree = "<group>";
		};
		A58372C5221D871600E06B7C /* TrackStackTests */ = {
			isa = PBXGroup;
			children = (
				A58372C6221D871600E06B7C /* TrackStackTests.swift */,
				A58372C8221D871600E06B7C /* Info.plist */,
			);
			path = TrackStackTests;
			sourceTree = "<group>";
		};
		AB159C210B1C9E81AC8CD607 /* Pods */ = {
			isa = PBXGroup;
			children = (
				5290C205DF380EEB1127E5C9 /* Pods-TrackStack.debug.xcconfig */,
				9418CCE9BECA8798AB9AC000 /* Pods-TrackStack.release.xcconfig */,
			);
			name = Pods;
			sourceTree = "<group>";
		};
/* End PBXGroup section */

/* Begin PBXNativeTarget section */
		A556275C2200F45B008F9947 /* TrackStack */ = {
			isa = PBXNativeTarget;
			buildConfigurationList = A55627722200F45D008F9947 /* Build configuration list for PBXNativeTarget "TrackStack" */;
			buildPhases = (
				0616452D7077FC2A7EA8FCB1 /* [CP] Check Pods Manifest.lock */,
				A55627592200F45B008F9947 /* Sources */,
				A556275A2200F45B008F9947 /* Frameworks */,
				A556275B2200F45B008F9947 /* Resources */,
				3C692F510C6643BD1F11BE2E /* [CP] Embed Pods Frameworks */,
			);
			buildRules = (
			);
			dependencies = (
			);
			name = TrackStack;
			productName = TrackStack;
			productReference = A556275D2200F45B008F9947 /* TrackStack.app */;
			productType = "com.apple.product-type.application";
		};
		A58372C3221D871600E06B7C /* TrackStackTests */ = {
			isa = PBXNativeTarget;
			buildConfigurationList = A58372CB221D871600E06B7C /* Build configuration list for PBXNativeTarget "TrackStackTests" */;
			buildPhases = (
				A58372C0221D871600E06B7C /* Sources */,
				A58372C1221D871600E06B7C /* Frameworks */,
				A58372C2221D871600E06B7C /* Resources */,
			);
			buildRules = (
			);
			dependencies = (
				A58372CA221D871600E06B7C /* PBXTargetDependency */,
			);
			name = TrackStackTests;
			productName = TrackStackTests;
			productReference = A58372C4221D871600E06B7C /* TrackStackTests.xctest */;
			productType = "com.apple.product-type.bundle.unit-test";
		};
/* End PBXNativeTarget section */

/* Begin PBXProject section */
		A55627552200F45B008F9947 /* Project object */ = {
			isa = PBXProject;
			attributes = {
				LastSwiftUpdateCheck = 1010;
				LastUpgradeCheck = 1010;
				ORGANIZATIONNAME = "Yehor Levchenko";
				TargetAttributes = {
					A556275C2200F45B008F9947 = {
						CreatedOnToolsVersion = 10.1;
					};
					A58372C3221D871600E06B7C = {
						CreatedOnToolsVersion = 10.1;
						TestTargetID = A556275C2200F45B008F9947;
					};
				};
			};
			buildConfigurationList = A55627582200F45B008F9947 /* Build configuration list for PBXProject "TrackStack" */;
			compatibilityVersion = "Xcode 10.0";
			developmentRegion = en;
			hasScannedForEncodings = 0;
			knownRegions = (
				en,
				Base,
			);
			mainGroup = A55627542200F45B008F9947;
			productRefGroup = A556275E2200F45B008F9947 /* Products */;
			projectDirPath = "";
			projectRoot = "";
			targets = (
				A556275C2200F45B008F9947 /* TrackStack */,
				A58372C3221D871600E06B7C /* TrackStackTests */,
			);
		};
/* End PBXProject section */

/* Begin PBXResourcesBuildPhase section */
		A556275B2200F45B008F9947 /* Resources */ = {
			isa = PBXResourcesBuildPhase;
			buildActionMask = 2147483647;
			files = (
				A5AFC11C225B6311000615C8 /* coin_loader.json in Resources */,
				A52F11DD2242606900FF517D /* Refresher.xib in Resources */,
				A556276E2200F45D008F9947 /* LaunchScreen.storyboard in Resources */,
				A55627662200F45B008F9947 /* Main.storyboard in Resources */,
				A5AFC126225BCAF7000615C8 /* Assets.xcassets in Resources */,
			);
			runOnlyForDeploymentPostprocessing = 0;
		};
		A58372C2221D871600E06B7C /* Resources */ = {
			isa = PBXResourcesBuildPhase;
			buildActionMask = 2147483647;
			files = (
			);
			runOnlyForDeploymentPostprocessing = 0;
		};
/* End PBXResourcesBuildPhase section */

/* Begin PBXShellScriptBuildPhase section */
		0616452D7077FC2A7EA8FCB1 /* [CP] Check Pods Manifest.lock */ = {
			isa = PBXShellScriptBuildPhase;
			buildActionMask = 2147483647;
			files = (
			);
			inputFileListPaths = (
			);
			inputPaths = (
				"${PODS_PODFILE_DIR_PATH}/Podfile.lock",
				"${PODS_ROOT}/Manifest.lock",
			);
			name = "[CP] Check Pods Manifest.lock";
			outputFileListPaths = (
			);
			outputPaths = (
				"$(DERIVED_FILE_DIR)/Pods-TrackStack-checkManifestLockResult.txt",
			);
			runOnlyForDeploymentPostprocessing = 0;
			shellPath = /bin/sh;
			shellScript = "diff \"${PODS_PODFILE_DIR_PATH}/Podfile.lock\" \"${PODS_ROOT}/Manifest.lock\" > /dev/null\nif [ $? != 0 ] ; then\n    # print error to STDERR\n    echo \"error: The sandbox is not in sync with the Podfile.lock. Run 'pod install' or update your CocoaPods installation.\" >&2\n    exit 1\nfi\n# This output is used by Xcode 'outputs' to avoid re-running this script phase.\necho \"SUCCESS\" > \"${SCRIPT_OUTPUT_FILE_0}\"\n";
			showEnvVarsInLog = 0;
		};
		3C692F510C6643BD1F11BE2E /* [CP] Embed Pods Frameworks */ = {
			isa = PBXShellScriptBuildPhase;
			buildActionMask = 2147483647;
			files = (
			);
			inputFileListPaths = (
			);
			inputPaths = (
				"${SRCROOT}/Pods/Target Support Files/Pods-TrackStack/Pods-TrackStack-frameworks.sh",
				"${BUILT_PRODUCTS_DIR}/Alamofire/Alamofire.framework",
				"${BUILT_PRODUCTS_DIR}/ChameleonFramework/ChameleonFramework.framework",
				"${BUILT_PRODUCTS_DIR}/Moya/Moya.framework",
				"${BUILT_PRODUCTS_DIR}/Result/Result.framework",
				"${BUILT_PRODUCTS_DIR}/SwiftyJSON/SwiftyJSON.framework",
				"${BUILT_PRODUCTS_DIR}/SwipeCellKit/SwipeCellKit.framework",
				"${BUILT_PRODUCTS_DIR}/lottie-ios/Lottie.framework",
			);
			name = "[CP] Embed Pods Frameworks";
			outputFileListPaths = (
			);
			outputPaths = (
				"${TARGET_BUILD_DIR}/${FRAMEWORKS_FOLDER_PATH}/Alamofire.framework",
				"${TARGET_BUILD_DIR}/${FRAMEWORKS_FOLDER_PATH}/ChameleonFramework.framework",
				"${TARGET_BUILD_DIR}/${FRAMEWORKS_FOLDER_PATH}/Moya.framework",
				"${TARGET_BUILD_DIR}/${FRAMEWORKS_FOLDER_PATH}/Result.framework",
				"${TARGET_BUILD_DIR}/${FRAMEWORKS_FOLDER_PATH}/SwiftyJSON.framework",
				"${TARGET_BUILD_DIR}/${FRAMEWORKS_FOLDER_PATH}/SwipeCellKit.framework",
				"${TARGET_BUILD_DIR}/${FRAMEWORKS_FOLDER_PATH}/Lottie.framework",
			);
			runOnlyForDeploymentPostprocessing = 0;
			shellPath = /bin/sh;
			shellScript = "\"${SRCROOT}/Pods/Target Support Files/Pods-TrackStack/Pods-TrackStack-frameworks.sh\"\n";
			showEnvVarsInLog = 0;
		};
/* End PBXShellScriptBuildPhase section */

/* Begin PBXSourcesBuildPhase section */
		A55627592200F45B008F9947 /* Sources */ = {
			isa = PBXSourcesBuildPhase;
			buildActionMask = 2147483647;
			files = (
				A504CED92263D8FF00B6033D /* MainGradient.swift in Sources */,
				A58372BF221C38EA00E06B7C /* TrackStack.xcdatamodeld in Sources */,
				A504CEEA22667B2C00B6033D /* Transaction+CoreDataClass copy.swift in Sources */,
				A504CEF722674C2A00B6033D /* AddTransactionViewController.swift in Sources */,
				A5CB972022087C970015C438 /* TransactionCell.swift in Sources */,
				A504CE892260987600B6033D /* Bitcoinaverage.swift in Sources */,
				A5CB9722220E42FE0015C438 /* APIWorker.swift in Sources */,
				A5AFC124225BCA00000615C8 /* SafetyVC.swift in Sources */,
				A526ECD422529C58003FAF1B /* MainVC.swift in Sources */,
				A55627612200F45B008F9947 /* AppDelegate.swift in Sources */,
				A5AFC11E225B6370000615C8 /* IntroVC.swift in Sources */,
			);
			runOnlyForDeploymentPostprocessing = 0;
		};
		A58372C0221D871600E06B7C /* Sources */ = {
			isa = PBXSourcesBuildPhase;
			buildActionMask = 2147483647;
			files = (
				A58372C7221D871600E06B7C /* TrackStackTests.swift in Sources */,
			);
			runOnlyForDeploymentPostprocessing = 0;
		};
/* End PBXSourcesBuildPhase section */

/* Begin PBXTargetDependency section */
		A58372CA221D871600E06B7C /* PBXTargetDependency */ = {
			isa = PBXTargetDependency;
			target = A556275C2200F45B008F9947 /* TrackStack */;
			targetProxy = A58372C9221D871600E06B7C /* PBXContainerItemProxy */;
		};
/* End PBXTargetDependency section */

/* Begin PBXVariantGroup section */
		A55627642200F45B008F9947 /* Main.storyboard */ = {
			isa = PBXVariantGroup;
			children = (
				A55627652200F45B008F9947 /* Base */,
			);
			name = Main.storyboard;
			sourceTree = "<group>";
		};
		A556276C2200F45D008F9947 /* LaunchScreen.storyboard */ = {
			isa = PBXVariantGroup;
			children = (
				A556276D2200F45D008F9947 /* Base */,
			);
			name = LaunchScreen.storyboard;
			sourceTree = "<group>";
		};
/* End PBXVariantGroup section */

/* Begin XCBuildConfiguration section */
		A55627702200F45D008F9947 /* Debug */ = {
			isa = XCBuildConfiguration;
			buildSettings = {
				ALWAYS_SEARCH_USER_PATHS = NO;
				CLANG_ANALYZER_NONNULL = YES;
				CLANG_ANALYZER_NUMBER_OBJECT_CONVERSION = YES_AGGRESSIVE;
				CLANG_CXX_LANGUAGE_STANDARD = "gnu++14";
				CLANG_CXX_LIBRARY = "libc++";
				CLANG_ENABLE_MODULES = YES;
				CLANG_ENABLE_OBJC_ARC = YES;
				CLANG_ENABLE_OBJC_WEAK = YES;
				CLANG_WARN_BLOCK_CAPTURE_AUTORELEASING = YES;
				CLANG_WARN_BOOL_CONVERSION = YES;
				CLANG_WARN_COMMA = YES;
				CLANG_WARN_CONSTANT_CONVERSION = YES;
				CLANG_WARN_DEPRECATED_OBJC_IMPLEMENTATIONS = YES;
				CLANG_WARN_DIRECT_OBJC_ISA_USAGE = YES_ERROR;
				CLANG_WARN_DOCUMENTATION_COMMENTS = YES;
				CLANG_WARN_EMPTY_BODY = YES;
				CLANG_WARN_ENUM_CONVERSION = YES;
				CLANG_WARN_INFINITE_RECURSION = YES;
				CLANG_WARN_INT_CONVERSION = YES;
				CLANG_WARN_NON_LITERAL_NULL_CONVERSION = YES;
				CLANG_WARN_OBJC_IMPLICIT_RETAIN_SELF = YES;
				CLANG_WARN_OBJC_LITERAL_CONVERSION = YES;
				CLANG_WARN_OBJC_ROOT_CLASS = YES_ERROR;
				CLANG_WARN_RANGE_LOOP_ANALYSIS = YES;
				CLANG_WARN_STRICT_PROTOTYPES = YES;
				CLANG_WARN_SUSPICIOUS_MOVE = YES;
				CLANG_WARN_UNGUARDED_AVAILABILITY = YES_AGGRESSIVE;
				CLANG_WARN_UNREACHABLE_CODE = YES;
				CLANG_WARN__DUPLICATE_METHOD_MATCH = YES;
				CODE_SIGN_IDENTITY = "iPhone Developer";
				COPY_PHASE_STRIP = NO;
				DEBUG_INFORMATION_FORMAT = dwarf;
				ENABLE_STRICT_OBJC_MSGSEND = YES;
				ENABLE_TESTABILITY = YES;
				GCC_C_LANGUAGE_STANDARD = gnu11;
				GCC_DYNAMIC_NO_PIC = NO;
				GCC_NO_COMMON_BLOCKS = YES;
				GCC_OPTIMIZATION_LEVEL = 0;
				GCC_PREPROCESSOR_DEFINITIONS = (
					"DEBUG=1",
					"$(inherited)",
				);
				GCC_WARN_64_TO_32_BIT_CONVERSION = YES;
				GCC_WARN_ABOUT_RETURN_TYPE = YES_ERROR;
				GCC_WARN_UNDECLARED_SELECTOR = YES;
				GCC_WARN_UNINITIALIZED_AUTOS = YES_AGGRESSIVE;
				GCC_WARN_UNUSED_FUNCTION = YES;
				GCC_WARN_UNUSED_VARIABLE = YES;
				IPHONEOS_DEPLOYMENT_TARGET = 12.1;
				MTL_ENABLE_DEBUG_INFO = INCLUDE_SOURCE;
				MTL_FAST_MATH = YES;
				ONLY_ACTIVE_ARCH = YES;
				SDKROOT = iphoneos;
				SWIFT_ACTIVE_COMPILATION_CONDITIONS = DEBUG;
				SWIFT_OPTIMIZATION_LEVEL = "-Onone";
			};
			name = Debug;
		};
		A55627712200F45D008F9947 /* Release */ = {
			isa = XCBuildConfiguration;
			buildSettings = {
				ALWAYS_SEARCH_USER_PATHS = NO;
				CLANG_ANALYZER_NONNULL = YES;
				CLANG_ANALYZER_NUMBER_OBJECT_CONVERSION = YES_AGGRESSIVE;
				CLANG_CXX_LANGUAGE_STANDARD = "gnu++14";
				CLANG_CXX_LIBRARY = "libc++";
				CLANG_ENABLE_MODULES = YES;
				CLANG_ENABLE_OBJC_ARC = YES;
				CLANG_ENABLE_OBJC_WEAK = YES;
				CLANG_WARN_BLOCK_CAPTURE_AUTORELEASING = YES;
				CLANG_WARN_BOOL_CONVERSION = YES;
				CLANG_WARN_COMMA = YES;
				CLANG_WARN_CONSTANT_CONVERSION = YES;
				CLANG_WARN_DEPRECATED_OBJC_IMPLEMENTATIONS = YES;
				CLANG_WARN_DIRECT_OBJC_ISA_USAGE = YES_ERROR;
				CLANG_WARN_DOCUMENTATION_COMMENTS = YES;
				CLANG_WARN_EMPTY_BODY = YES;
				CLANG_WARN_ENUM_CONVERSION = YES;
				CLANG_WARN_INFINITE_RECURSION = YES;
				CLANG_WARN_INT_CONVERSION = YES;
				CLANG_WARN_NON_LITERAL_NULL_CONVERSION = YES;
				CLANG_WARN_OBJC_IMPLICIT_RETAIN_SELF = YES;
				CLANG_WARN_OBJC_LITERAL_CONVERSION = YES;
				CLANG_WARN_OBJC_ROOT_CLASS = YES_ERROR;
				CLANG_WARN_RANGE_LOOP_ANALYSIS = YES;
				CLANG_WARN_STRICT_PROTOTYPES = YES;
				CLANG_WARN_SUSPICIOUS_MOVE = YES;
				CLANG_WARN_UNGUARDED_AVAILABILITY = YES_AGGRESSIVE;
				CLANG_WARN_UNREACHABLE_CODE = YES;
				CLANG_WARN__DUPLICATE_METHOD_MATCH = YES;
				CODE_SIGN_IDENTITY = "iPhone Developer";
				COPY_PHASE_STRIP = NO;
				DEBUG_INFORMATION_FORMAT = "dwarf-with-dsym";
				ENABLE_NS_ASSERTIONS = NO;
				ENABLE_STRICT_OBJC_MSGSEND = YES;
				GCC_C_LANGUAGE_STANDARD = gnu11;
				GCC_NO_COMMON_BLOCKS = YES;
				GCC_WARN_64_TO_32_BIT_CONVERSION = YES;
				GCC_WARN_ABOUT_RETURN_TYPE = YES_ERROR;
				GCC_WARN_UNDECLARED_SELECTOR = YES;
				GCC_WARN_UNINITIALIZED_AUTOS = YES_AGGRESSIVE;
				GCC_WARN_UNUSED_FUNCTION = YES;
				GCC_WARN_UNUSED_VARIABLE = YES;
				IPHONEOS_DEPLOYMENT_TARGET = 12.1;
				MTL_ENABLE_DEBUG_INFO = NO;
				MTL_FAST_MATH = YES;
				SDKROOT = iphoneos;
				SWIFT_COMPILATION_MODE = wholemodule;
				SWIFT_OPTIMIZATION_LEVEL = "-O";
				VALIDATE_PRODUCT = YES;
			};
			name = Release;
		};
		A55627732200F45D008F9947 /* Debug */ = {
			isa = XCBuildConfiguration;
			baseConfigurationReference = 5290C205DF380EEB1127E5C9 /* Pods-TrackStack.debug.xcconfig */;
			buildSettings = {
				ASSETCATALOG_COMPILER_APPICON_NAME = AppIcon;
				CODE_SIGN_IDENTITY = "iPhone Developer";
				CODE_SIGN_STYLE = Automatic;
				DEVELOPMENT_TEAM = FNFZXL4ATZ;
				INFOPLIST_FILE = TrackStack/Info.plist;
				LD_RUNPATH_SEARCH_PATHS = (
					"$(inherited)",
					"@executable_path/Frameworks",
				);
				PRODUCT_BUNDLE_IDENTIFIER = com.leprechaunspot.TrackStack;
				PRODUCT_NAME = "$(TARGET_NAME)";
				PROVISIONING_PROFILE_SPECIFIER = "";
				SWIFT_VERSION = 4.2;
				TARGETED_DEVICE_FAMILY = 1;
			};
			name = Debug;
		};
		A55627742200F45D008F9947 /* Release */ = {
			isa = XCBuildConfiguration;
			baseConfigurationReference = 9418CCE9BECA8798AB9AC000 /* Pods-TrackStack.release.xcconfig */;
			buildSettings = {
				ASSETCATALOG_COMPILER_APPICON_NAME = AppIcon;
				CODE_SIGN_IDENTITY = "iPhone Developer";
				CODE_SIGN_STYLE = Automatic;
				DEVELOPMENT_TEAM = FNFZXL4ATZ;
				INFOPLIST_FILE = TrackStack/Info.plist;
				LD_RUNPATH_SEARCH_PATHS = (
					"$(inherited)",
					"@executable_path/Frameworks",
				);
				PRODUCT_BUNDLE_IDENTIFIER = com.leprechaunspot.TrackStack;
				PRODUCT_NAME = "$(TARGET_NAME)";
				PROVISIONING_PROFILE_SPECIFIER = "";
				SWIFT_VERSION = 4.2;
				TARGETED_DEVICE_FAMILY = 1;
			};
			name = Release;
		};
		A58372CC221D871600E06B7C /* Debug */ = {
			isa = XCBuildConfiguration;
			buildSettings = {
				BUNDLE_LOADER = "$(TEST_HOST)";
				CODE_SIGN_STYLE = Automatic;
				DEVELOPMENT_TEAM = FNFZXL4ATZ;
				INFOPLIST_FILE = TrackStackTests/Info.plist;
				LD_RUNPATH_SEARCH_PATHS = (
					"$(inherited)",
					"@executable_path/Frameworks",
					"@loader_path/Frameworks",
				);
				PRODUCT_BUNDLE_IDENTIFIER = com.leprechaunspot.test.TrackStackTests;
				PRODUCT_NAME = "$(TARGET_NAME)";
				SWIFT_VERSION = 4.2;
				TARGETED_DEVICE_FAMILY = "1,2";
				TEST_HOST = "$(BUILT_PRODUCTS_DIR)/TrackStack.app/TrackStack";
			};
			name = Debug;
		};
		A58372CD221D871600E06B7C /* Release */ = {
			isa = XCBuildConfiguration;
			buildSettings = {
				BUNDLE_LOADER = "$(TEST_HOST)";
				CODE_SIGN_STYLE = Automatic;
				DEVELOPMENT_TEAM = FNFZXL4ATZ;
				INFOPLIST_FILE = TrackStackTests/Info.plist;
				LD_RUNPATH_SEARCH_PATHS = (
					"$(inherited)",
					"@executable_path/Frameworks",
					"@loader_path/Frameworks",
				);
				PRODUCT_BUNDLE_IDENTIFIER = com.leprechaunspot.test.TrackStackTests;
				PRODUCT_NAME = "$(TARGET_NAME)";
				SWIFT_VERSION = 4.2;
				TARGETED_DEVICE_FAMILY = "1,2";
				TEST_HOST = "$(BUILT_PRODUCTS_DIR)/TrackStack.app/TrackStack";
			};
			name = Release;
		};
/* End XCBuildConfiguration section */

/* Begin XCConfigurationList section */
		A55627582200F45B008F9947 /* Build configuration list for PBXProject "TrackStack" */ = {
			isa = XCConfigurationList;
			buildConfigurations = (
				A55627702200F45D008F9947 /* Debug */,
				A55627712200F45D008F9947 /* Release */,
			);
			defaultConfigurationIsVisible = 0;
			defaultConfigurationName = Debug;
		};
		A55627722200F45D008F9947 /* Build configuration list for PBXNativeTarget "TrackStack" */ = {
			isa = XCConfigurationList;
			buildConfigurations = (
				A55627732200F45D008F9947 /* Debug */,
				A55627742200F45D008F9947 /* Release */,
			);
			defaultConfigurationIsVisible = 0;
			defaultConfigurationName = Debug;
		};
		A58372CB221D871600E06B7C /* Build configuration list for PBXNativeTarget "TrackStackTests" */ = {
			isa = XCConfigurationList;
			buildConfigurations = (
				A58372CC221D871600E06B7C /* Debug */,
				A58372CD221D871600E06B7C /* Release */,
			);
			defaultConfigurationIsVisible = 0;
			defaultConfigurationName = Debug;
		};
/* End XCConfigurationList section */

/* Begin XCVersionGroup section */
		A58372BD221C38EA00E06B7C /* TrackStack.xcdatamodeld */ = {
			isa = XCVersionGroup;
			children = (
				A58372BE221C38EA00E06B7C /* TrackStack.xcdatamodel */,
			);
			currentVersion = A58372BE221C38EA00E06B7C /* TrackStack.xcdatamodel */;
			path = TrackStack.xcdatamodeld;
			sourceTree = "<group>";
			versionGroupType = wrapper.xcdatamodel;
		};
/* End XCVersionGroup section */
	};
	rootObject = A55627552200F45B008F9947 /* Project object */;
}
